
Microsoft Visual Studio Solution File, Format Version 12.00
# Visual Studio Version 17
VisualStudioVersion = 17.2.32516.85
MinimumVisualStudioVersion = 10.0.40219.1
Project("{9A19103F-16F7-4668-BE54-9A1E7A4F7556}") = "Pukimoni.Api", "Pukimoni.Api\Pukimoni.Api.csproj", "{4F49AE61-DDDF-463E-AEF6-DE4A523DC6CA}"
EndProject
Project("{9A19103F-16F7-4668-BE54-9A1E7A4F7556}") = "Pukimoni.Domain", "Pukimoni.Domain\Pukimoni.Domain.csproj", "{43FE62C8-DEFC-46E0-A6F6-A1C3C3CC1C88}"
EndProject
Project("{9A19103F-16F7-4668-BE54-9A1E7A4F7556}") = "Pukimoni.DataAccess", "Pukimoni.DataAccess\Pukimoni.DataAccess.csproj", "{2111795F-38B9-4FA8-AE73-A1A4522F40B7}"
EndProject
Project("{FAE04EC0-301F-11D3-BF4B-00C04F79EFBC}") = "Pukimoni.Implementation", "Pukimoni.Implementation\Pukimoni.Implementation.csproj", "{97FC17AE-E4F8-446A-A49C-AC86D382DB70}"
EndProject
Project("{FAE04EC0-301F-11D3-BF4B-00C04F79EFBC}") = "Pukimoni.Application", "Pukimoni.Application\Pukimoni.Application.csproj", "{68BA9A74-20BD-471B-9F52-D693FC9FE3F9}"
EndProject
Global
	GlobalSection(SolutionConfigurationPlatforms) = preSolution
		Debug|Any CPU = Debug|Any CPU
		Release|Any CPU = Release|Any CPU
	EndGlobalSection
	GlobalSection(ProjectConfigurationPlatforms) = postSolution
		{4F49AE61-DDDF-463E-AEF6-DE4A523DC6CA}.Debug|Any CPU.ActiveCfg = Debug|Any CPU
		{4F49AE61-DDDF-463E-AEF6-DE4A523DC6CA}.Debug|Any CPU.Build.0 = Debug|Any CPU
		{4F49AE61-DDDF-463E-AEF6-DE4A523DC6CA}.Release|Any CPU.ActiveCfg = Release|Any CPU
		{4F49AE61-DDDF-463E-AEF6-DE4A523DC6CA}.Release|Any CPU.Build.0 = Release|Any CPU
		{43FE62C8-DEFC-46E0-A6F6-A1C3C3CC1C88}.Debug|Any CPU.ActiveCfg = Debug|Any CPU
		{43FE62C8-DEFC-46E0-A6F6-A1C3C3CC1C88}.Debug|Any CPU.Build.0 = Debug|Any CPU
		{43FE62C8-DEFC-46E0-A6F6-A1C3C3CC1C88}.Release|Any CPU.ActiveCfg = Release|Any CPU
		{43FE62C8-DEFC-46E0-A6F6-A1C3C3CC1C88}.Release|Any CPU.Build.0 = Release|Any CPU
		{2111795F-38B9-4FA8-AE73-A1A4522F40B7}.Debug|Any CPU.ActiveCfg = Debug|Any CPU
		{2111795F-38B9-4FA8-AE73-A1A4522F40B7}.Debug|Any CPU.Build.0 = Debug|Any CPU
		{2111795F-38B9-4FA8-AE73-A1A4522F40B7}.Release|Any CPU.ActiveCfg = Release|Any CPU
		{2111795F-38B9-4FA8-AE73-A1A4522F40B7}.Release|Any CPU.Build.0 = Release|Any CPU
		{97FC17AE-E4F8-446A-A49C-AC86D382DB70}.Debug|Any CPU.ActiveCfg = Debug|Any CPU
		{97FC17AE-E4F8-446A-A49C-AC86D382DB70}.Debug|Any CPU.Build.0 = Debug|Any CPU
		{97FC17AE-E4F8-446A-A49C-AC86D382DB70}.Release|Any CPU.ActiveCfg = Release|Any CPU
		{97FC17AE-E4F8-446A-A49C-AC86D382DB70}.Release|Any CPU.Build.0 = Release|Any CPU
		{68BA9A74-20BD-471B-9F52-D693FC9FE3F9}.Debug|Any CPU.ActiveCfg = Debug|Any CPU
		{68BA9A74-20BD-471B-9F52-D693FC9FE3F9}.Debug|Any CPU.Build.0 = Debug|Any CPU
		{68BA9A74-20BD-471B-9F52-D693FC9FE3F9}.Release|Any CPU.ActiveCfg = Release|Any CPU
		{68BA9A74-20BD-471B-9F52-D693FC9FE3F9}.Release|Any CPU.Build.0 = Release|Any CPU
	EndGlobalSection
	GlobalSection(SolutionProperties) = preSolution
		HideSolutionNode = FALSE
	EndGlobalSection
	GlobalSection(ExtensibilityGlobals) = postSolution
		SolutionGuid = {11930E2E-4D0C-4D6D-B760-5ED0B18996EB}
	EndGlobalSection
EndGlobal
